// !$*UTF8*$!
{
	archiveVersion = 1;
	classes = {
	};
	objectVersion = 56;
	objects = {

/* Begin PBXBuildFile section */
		B89DF21C2B954FB500EC9CEB /* rocketgamesApp.swift in Sources */ = {isa = PBXBuildFile; fileRef = B89DF21B2B954FB500EC9CEB /* rocketgamesApp.swift */; };
		B89DF21E2B954FB500EC9CEB /* ContentView.swift in Sources */ = {isa = PBXBuildFile; fileRef = B89DF21D2B954FB500EC9CEB /* ContentView.swift */; };
		B89DF2202B954FB500EC9CEB /* Item.swift in Sources */ = {isa = PBXBuildFile; fileRef = B89DF21F2B954FB500EC9CEB /* Item.swift */; };
		B89DF2222B954FB800EC9CEB /* Assets.xcassets in Resources */ = {isa = PBXBuildFile; fileRef = B89DF2212B954FB800EC9CEB /* Assets.xcassets */; };
		B89DF2252B954FB800EC9CEB /* Preview Assets.xcassets in Resources */ = {isa = PBXBuildFile; fileRef = B89DF2242B954FB800EC9CEB /* Preview Assets.xcassets */; };
		B89DF22C2B9586F300EC9CEB /* MainView.swift in Sources */ = {isa = PBXBuildFile; fileRef = B89DF22B2B9586F300EC9CEB /* MainView.swift */; };
		B89DF22E2B95871000EC9CEB /* DeckView.swift in Sources */ = {isa = PBXBuildFile; fileRef = B89DF22D2B95871000EC9CEB /* DeckView.swift */; };
		B89DF2302B95871C00EC9CEB /* SettingsView.swift in Sources */ = {isa = PBXBuildFile; fileRef = B89DF22F2B95871C00EC9CEB /* SettingsView.swift */; };
		B89DF2342B99AC1600EC9CEB /* GoogleService-Info.plist in Resources */ = {isa = PBXBuildFile; fileRef = B89DF2332B99AC1600EC9CEB /* GoogleService-Info.plist */; };
		B89DF2442BA7882700EC9CEB /* Person.swift in Sources */ = {isa = PBXBuildFile; fileRef = B89DF2432BA7882700EC9CEB /* Person.swift */; };
		B89DF2462BA8A36300EC9CEB /* HomeView.swift in Sources */ = {isa = PBXBuildFile; fileRef = B89DF2452BA8A36300EC9CEB /* HomeView.swift */; };
		B89DF2482BAAA11900EC9CEB /* SignInView.swift in Sources */ = {isa = PBXBuildFile; fileRef = B89DF2472BAAA11900EC9CEB /* SignInView.swift */; };
		B89DF24A2BAAA31400EC9CEB /* RocketGamesTextField.swift in Sources */ = {isa = PBXBuildFile; fileRef = B89DF2492BAAA31400EC9CEB /* RocketGamesTextField.swift */; };
		B89DF24E2BAAAC5000EC9CEB /* RocketGamesSecureField.swift in Sources */ = {isa = PBXBuildFile; fileRef = B89DF24D2BAAAC5000EC9CEB /* RocketGamesSecureField.swift */; };
		B89DF2502BB131A600EC9CEB /* AuthService.swift in Sources */ = {isa = PBXBuildFile; fileRef = B89DF24F2BB131A600EC9CEB /* AuthService.swift */; };
		B89DF2532BB1325300EC9CEB /* FirebaseAnalytics in Frameworks */ = {isa = PBXBuildFile; productRef = B89DF2522BB1325300EC9CEB /* FirebaseAnalytics */; };
		B89DF2552BB1325300EC9CEB /* FirebaseAnalyticsOnDeviceConversion in Frameworks */ = {isa = PBXBuildFile; productRef = B89DF2542BB1325300EC9CEB /* FirebaseAnalyticsOnDeviceConversion */; };
		B89DF2572BB1325300EC9CEB /* FirebaseAnalyticsSwift in Frameworks */ = {isa = PBXBuildFile; productRef = B89DF2562BB1325300EC9CEB /* FirebaseAnalyticsSwift */; };
		B89DF2592BB1325300EC9CEB /* FirebaseAnalyticsWithoutAdIdSupport in Frameworks */ = {isa = PBXBuildFile; productRef = B89DF2582BB1325300EC9CEB /* FirebaseAnalyticsWithoutAdIdSupport */; };
		B89DF25B2BB1325300EC9CEB /* FirebaseAppCheck in Frameworks */ = {isa = PBXBuildFile; productRef = B89DF25A2BB1325300EC9CEB /* FirebaseAppCheck */; };
		B89DF25D2BB1325300EC9CEB /* FirebaseAppDistribution-Beta in Frameworks */ = {isa = PBXBuildFile; productRef = B89DF25C2BB1325300EC9CEB /* FirebaseAppDistribution-Beta */; };
		B89DF25F2BB1325300EC9CEB /* FirebaseAuth in Frameworks */ = {isa = PBXBuildFile; productRef = B89DF25E2BB1325300EC9CEB /* FirebaseAuth */; };
		B89DF2612BB1325300EC9CEB /* FirebaseAuthCombine-Community in Frameworks */ = {isa = PBXBuildFile; productRef = B89DF2602BB1325300EC9CEB /* FirebaseAuthCombine-Community */; };
		B89DF2632BB1325300EC9CEB /* FirebaseCrashlytics in Frameworks */ = {isa = PBXBuildFile; productRef = B89DF2622BB1325300EC9CEB /* FirebaseCrashlytics */; };
		B89DF2692BB1352E00EC9CEB /* SignInViewModel.swift in Sources */ = {isa = PBXBuildFile; fileRef = B89DF2682BB1352E00EC9CEB /* SignInViewModel.swift */; };
		B89DF26F2BB5482100EC9CEB /* String+Ext.swift in Sources */ = {isa = PBXBuildFile; fileRef = B89DF26E2BB5482100EC9CEB /* String+Ext.swift */; };
		B89DF2712BB54C7500EC9CEB /* SignOutViewModel.swift in Sources */ = {isa = PBXBuildFile; fileRef = B89DF2702BB54C7500EC9CEB /* SignOutViewModel.swift */; };
		B89DF2732BB550EC00EC9CEB /* RegistrationView.swift in Sources */ = {isa = PBXBuildFile; fileRef = B89DF2722BB550EC00EC9CEB /* RegistrationView.swift */; };
/* End PBXBuildFile section */

/* Begin PBXFileReference section */
		B89DF2182B954FB500EC9CEB /* rocketgames.app */ = {isa = PBXFileReference; explicitFileType = wrapper.application; includeInIndex = 0; path = rocketgames.app; sourceTree = BUILT_PRODUCTS_DIR; };
		B89DF21B2B954FB500EC9CEB /* rocketgamesApp.swift */ = {isa = PBXFileReference; lastKnownFileType = sourcecode.swift; path = rocketgamesApp.swift; sourceTree = "<group>"; };
		B89DF21D2B954FB500EC9CEB /* ContentView.swift */ = {isa = PBXFileReference; lastKnownFileType = sourcecode.swift; path = ContentView.swift; sourceTree = "<group>"; };
		B89DF21F2B954FB500EC9CEB /* Item.swift */ = {isa = PBXFileReference; lastKnownFileType = sourcecode.swift; path = Item.swift; sourceTree = "<group>"; };
		B89DF2212B954FB800EC9CEB /* Assets.xcassets */ = {isa = PBXFileReference; lastKnownFileType = folder.assetcatalog; path = Assets.xcassets; sourceTree = "<group>"; };
		B89DF2242B954FB800EC9CEB /* Preview Assets.xcassets */ = {isa = PBXFileReference; lastKnownFileType = folder.assetcatalog; path = "Preview Assets.xcassets"; sourceTree = "<group>"; };
		B89DF22B2B9586F300EC9CEB /* MainView.swift */ = {isa = PBXFileReference; lastKnownFileType = sourcecode.swift; path = MainView.swift; sourceTree = "<group>"; };
		B89DF22D2B95871000EC9CEB /* DeckView.swift */ = {isa = PBXFileReference; lastKnownFileType = sourcecode.swift; path = DeckView.swift; sourceTree = "<group>"; };
		B89DF22F2B95871C00EC9CEB /* SettingsView.swift */ = {isa = PBXFileReference; lastKnownFileType = sourcecode.swift; path = SettingsView.swift; sourceTree = "<group>"; };
		B89DF2332B99AC1600EC9CEB /* GoogleService-Info.plist */ = {isa = PBXFileReference; fileEncoding = 4; lastKnownFileType = text.plist.xml; name = "GoogleService-Info.plist"; path = "../../../../Downloads/GoogleService-Info.plist"; sourceTree = "<group>"; };
		B89DF2432BA7882700EC9CEB /* Person.swift */ = {isa = PBXFileReference; lastKnownFileType = sourcecode.swift; path = Person.swift; sourceTree = "<group>"; };
		B89DF2452BA8A36300EC9CEB /* HomeView.swift */ = {isa = PBXFileReference; lastKnownFileType = sourcecode.swift; path = HomeView.swift; sourceTree = "<group>"; };
		B89DF2472BAAA11900EC9CEB /* SignInView.swift */ = {isa = PBXFileReference; lastKnownFileType = sourcecode.swift; path = SignInView.swift; sourceTree = "<group>"; };
		B89DF2492BAAA31400EC9CEB /* RocketGamesTextField.swift */ = {isa = PBXFileReference; lastKnownFileType = sourcecode.swift; path = RocketGamesTextField.swift; sourceTree = "<group>"; };
		B89DF24D2BAAAC5000EC9CEB /* RocketGamesSecureField.swift */ = {isa = PBXFileReference; lastKnownFileType = sourcecode.swift; path = RocketGamesSecureField.swift; sourceTree = "<group>"; };
		B89DF24F2BB131A600EC9CEB /* AuthService.swift */ = {isa = PBXFileReference; lastKnownFileType = sourcecode.swift; path = AuthService.swift; sourceTree = "<group>"; };
		B89DF2682BB1352E00EC9CEB /* SignInViewModel.swift */ = {isa = PBXFileReference; lastKnownFileType = sourcecode.swift; path = SignInViewModel.swift; sourceTree = "<group>"; };
		B89DF26E2BB5482100EC9CEB /* String+Ext.swift */ = {isa = PBXFileReference; lastKnownFileType = sourcecode.swift; path = "String+Ext.swift"; sourceTree = "<group>"; };
		B89DF2702BB54C7500EC9CEB /* SignOutViewModel.swift */ = {isa = PBXFileReference; lastKnownFileType = sourcecode.swift; path = SignOutViewModel.swift; sourceTree = "<group>"; };
		B89DF2722BB550EC00EC9CEB /* RegistrationView.swift */ = {isa = PBXFileReference; lastKnownFileType = sourcecode.swift; path = RegistrationView.swift; sourceTree = "<group>"; };
/* End PBXFileReference section */

/* Begin PBXFrameworksBuildPhase section */
		B89DF2152B954FB500EC9CEB /* Frameworks */ = {
			isa = PBXFrameworksBuildPhase;
			buildActionMask = 2147483647;
			files = (
				B89DF2572BB1325300EC9CEB /* FirebaseAnalyticsSwift in Frameworks */,
				B89DF2532BB1325300EC9CEB /* FirebaseAnalytics in Frameworks */,
				B89DF2552BB1325300EC9CEB /* FirebaseAnalyticsOnDeviceConversion in Frameworks */,
				B89DF25B2BB1325300EC9CEB /* FirebaseAppCheck in Frameworks */,
				B89DF2592BB1325300EC9CEB /* FirebaseAnalyticsWithoutAdIdSupport in Frameworks */,
				B89DF25F2BB1325300EC9CEB /* FirebaseAuth in Frameworks */,
				B89DF2632BB1325300EC9CEB /* FirebaseCrashlytics in Frameworks */,
				B89DF25D2BB1325300EC9CEB /* FirebaseAppDistribution-Beta in Frameworks */,
				B89DF2612BB1325300EC9CEB /* FirebaseAuthCombine-Community in Frameworks */,
			);
			runOnlyForDeploymentPostprocessing = 0;
		};
/* End PBXFrameworksBuildPhase section */

/* Begin PBXGroup section */
		B89DF20F2B954FB500EC9CEB = {
			isa = PBXGroup;
			children = (
				B89DF21A2B954FB500EC9CEB /* rocketgames */,
				B89DF2192B954FB500EC9CEB /* Products */,
				B89DF2402B99AD6D00EC9CEB /* Frameworks */,
			);
			sourceTree = "<group>";
		};
		B89DF2192B954FB500EC9CEB /* Products */ = {
			isa = PBXGroup;
			children = (
				B89DF2182B954FB500EC9CEB /* rocketgames.app */,
			);
			name = Products;
			sourceTree = "<group>";
		};
		B89DF21A2B954FB500EC9CEB /* rocketgames */ = {
			isa = PBXGroup;
			children = (
				B89DF26D2BB5480200EC9CEB /* Utils */,
				B89DF2642BB134DE00EC9CEB /* Auth */,
				B89DF21B2B954FB500EC9CEB /* rocketgamesApp.swift */,
				B89DF21D2B954FB500EC9CEB /* ContentView.swift */,
				B89DF2432BA7882700EC9CEB /* Person.swift */,
				B89DF22F2B95871C00EC9CEB /* SettingsView.swift */,
				B89DF22D2B95871000EC9CEB /* DeckView.swift */,
				B89DF2452BA8A36300EC9CEB /* HomeView.swift */,
				B89DF21F2B954FB500EC9CEB /* Item.swift */,
				B89DF22B2B9586F300EC9CEB /* MainView.swift */,
				B89DF2332B99AC1600EC9CEB /* GoogleService-Info.plist */,
				B89DF2212B954FB800EC9CEB /* Assets.xcassets */,
				B89DF2232B954FB800EC9CEB /* Preview Content */,
			);
			path = rocketgames;
			sourceTree = "<group>";
		};
		B89DF2232B954FB800EC9CEB /* Preview Content */ = {
			isa = PBXGroup;
			children = (
				B89DF2242B954FB800EC9CEB /* Preview Assets.xcassets */,
			);
			path = "Preview Content";
			sourceTree = "<group>";
		};
		B89DF2402B99AD6D00EC9CEB /* Frameworks */ = {
			isa = PBXGroup;
			children = (
			);
			name = Frameworks;
			sourceTree = "<group>";
		};
		B89DF2642BB134DE00EC9CEB /* Auth */ = {
			isa = PBXGroup;
			children = (
				B89DF26C2BB1358B00EC9CEB /* Service */,
				B89DF26A2BB1354F00EC9CEB /* Views */,
				B89DF2652BB134E600EC9CEB /* ViewModel */,
			);
			path = Auth;
			sourceTree = "<group>";
		};
		B89DF2652BB134E600EC9CEB /* ViewModel */ = {
			isa = PBXGroup;
			children = (
				B89DF2682BB1352E00EC9CEB /* SignInViewModel.swift */,
				B89DF2702BB54C7500EC9CEB /* SignOutViewModel.swift */,
			);
			path = ViewModel;
			sourceTree = "<group>";
		};
		B89DF26A2BB1354F00EC9CEB /* Views */ = {
			isa = PBXGroup;
			children = (
				B89DF2472BAAA11900EC9CEB /* SignInView.swift */,
				B89DF2722BB550EC00EC9CEB /* RegistrationView.swift */,
			);
			path = Views;
			sourceTree = "<group>";
		};
		B89DF26C2BB1358B00EC9CEB /* Service */ = {
			isa = PBXGroup;
			children = (
				B89DF24F2BB131A600EC9CEB /* AuthService.swift */,
			);
			path = Service;
			sourceTree = "<group>";
		};
		B89DF26D2BB5480200EC9CEB /* Utils */ = {
			isa = PBXGroup;
			children = (
				B89DF2492BAAA31400EC9CEB /* RocketGamesTextField.swift */,
				B89DF24D2BAAAC5000EC9CEB /* RocketGamesSecureField.swift */,
				B89DF26E2BB5482100EC9CEB /* String+Ext.swift */,
			);
			path = Utils;
			sourceTree = "<group>";
		};
/* End PBXGroup section */

/* Begin PBXNativeTarget section */
		B89DF2172B954FB500EC9CEB /* rocketgames */ = {
			isa = PBXNativeTarget;
			buildConfigurationList = B89DF2282B954FB800EC9CEB /* Build configuration list for PBXNativeTarget "rocketgames" */;
			buildPhases = (
				B89DF2142B954FB500EC9CEB /* Sources */,
				B89DF2152B954FB500EC9CEB /* Frameworks */,
				B89DF2162B954FB500EC9CEB /* Resources */,
			);
			buildRules = (
			);
			dependencies = (
			);
			name = rocketgames;
			packageProductDependencies = (
				B89DF2522BB1325300EC9CEB /* FirebaseAnalytics */,
				B89DF2542BB1325300EC9CEB /* FirebaseAnalyticsOnDeviceConversion */,
				B89DF2562BB1325300EC9CEB /* FirebaseAnalyticsSwift */,
				B89DF2582BB1325300EC9CEB /* FirebaseAnalyticsWithoutAdIdSupport */,
				B89DF25A2BB1325300EC9CEB /* FirebaseAppCheck */,
				B89DF25C2BB1325300EC9CEB /* FirebaseAppDistribution-Beta */,
				B89DF25E2BB1325300EC9CEB /* FirebaseAuth */,
				B89DF2602BB1325300EC9CEB /* FirebaseAuthCombine-Community */,
				B89DF2622BB1325300EC9CEB /* FirebaseCrashlytics */,
			);
			productName = rocketgames;
			productReference = B89DF2182B954FB500EC9CEB /* rocketgames.app */;
			productType = "com.apple.product-type.application";
		};
/* End PBXNativeTarget section */

/* Begin PBXProject section */
		B89DF2102B954FB500EC9CEB /* Project object */ = {
			isa = PBXProject;
			attributes = {
				BuildIndependentTargetsInParallel = 1;
				LastSwiftUpdateCheck = 1520;
				LastUpgradeCheck = 1520;
				TargetAttributes = {
					B89DF2172B954FB500EC9CEB = {
						CreatedOnToolsVersion = 15.2;
					};
				};
			};
			buildConfigurationList = B89DF2132B954FB500EC9CEB /* Build configuration list for PBXProject "rocketgames" */;
			compatibilityVersion = "Xcode 14.0";
			developmentRegion = en;
			hasScannedForEncodings = 0;
			knownRegions = (
				en,
				Base,
			);
			mainGroup = B89DF20F2B954FB500EC9CEB;
			packageReferences = (
				B89DF2512BB1325300EC9CEB /* XCRemoteSwiftPackageReference "firebase-ios-sdk" */,
			);
			productRefGroup = B89DF2192B954FB500EC9CEB /* Products */;
			projectDirPath = "";
			projectRoot = "";
			targets = (
				B89DF2172B954FB500EC9CEB /* rocketgames */,
			);
		};
/* End PBXProject section */

/* Begin PBXResourcesBuildPhase section */
		B89DF2162B954FB500EC9CEB /* Resources */ = {
			isa = PBXResourcesBuildPhase;
			buildActionMask = 2147483647;
			files = (
				B89DF2252B954FB800EC9CEB /* Preview Assets.xcassets in Resources */,
				B89DF2222B954FB800EC9CEB /* Assets.xcassets in Resources */,
				B89DF2342B99AC1600EC9CEB /* GoogleService-Info.plist in Resources */,
			);
			runOnlyForDeploymentPostprocessing = 0;
		};
/* End PBXResourcesBuildPhase section */

/* Begin PBXSourcesBuildPhase section */
		B89DF2142B954FB500EC9CEB /* Sources */ = {
			isa = PBXSourcesBuildPhase;
			buildActionMask = 2147483647;
			files = (
				B89DF2482BAAA11900EC9CEB /* SignInView.swift in Sources */,
				B89DF24A2BAAA31400EC9CEB /* RocketGamesTextField.swift in Sources */,
				B89DF22E2B95871000EC9CEB /* DeckView.swift in Sources */,
				B89DF2502BB131A600EC9CEB /* AuthService.swift in Sources */,
				B89DF2712BB54C7500EC9CEB /* SignOutViewModel.swift in Sources */,
				B89DF2692BB1352E00EC9CEB /* SignInViewModel.swift in Sources */,
				B89DF21E2B954FB500EC9CEB /* ContentView.swift in Sources */,
				B89DF2732BB550EC00EC9CEB /* RegistrationView.swift in Sources */,
				B89DF22C2B9586F300EC9CEB /* MainView.swift in Sources */,
				B89DF2302B95871C00EC9CEB /* SettingsView.swift in Sources */,
				B89DF26F2BB5482100EC9CEB /* String+Ext.swift in Sources */,
				B89DF2442BA7882700EC9CEB /* Person.swift in Sources */,
				B89DF2462BA8A36300EC9CEB /* HomeView.swift in Sources */,
				B89DF2202B954FB500EC9CEB /* Item.swift in Sources */,
				B89DF21C2B954FB500EC9CEB /* rocketgamesApp.swift in Sources */,
				B89DF24E2BAAAC5000EC9CEB /* RocketGamesSecureField.swift in Sources */,
			);
			runOnlyForDeploymentPostprocessing = 0;
		};
/* End PBXSourcesBuildPhase section */

/* Begin XCBuildConfiguration section */
		B89DF2262B954FB800EC9CEB /* Debug */ = {
			isa = XCBuildConfiguration;
			buildSettings = {
				ALWAYS_SEARCH_USER_PATHS = NO;
				ASSETCATALOG_COMPILER_GENERATE_SWIFT_ASSET_SYMBOL_EXTENSIONS = YES;
				CLANG_ANALYZER_NONNULL = YES;
				CLANG_ANALYZER_NUMBER_OBJECT_CONVERSION = YES_AGGRESSIVE;
				CLANG_CXX_LANGUAGE_STANDARD = "gnu++20";
				CLANG_ENABLE_MODULES = YES;
				CLANG_ENABLE_OBJC_ARC = YES;
				CLANG_ENABLE_OBJC_WEAK = YES;
				CLANG_WARN_BLOCK_CAPTURE_AUTORELEASING = YES;
				CLANG_WARN_BOOL_CONVERSION = YES;
				CLANG_WARN_COMMA = YES;
				CLANG_WARN_CONSTANT_CONVERSION = YES;
				CLANG_WARN_DEPRECATED_OBJC_IMPLEMENTATIONS = YES;
				CLANG_WARN_DIRECT_OBJC_ISA_USAGE = YES_ERROR;
				CLANG_WARN_DOCUMENTATION_COMMENTS = YES;
				CLANG_WARN_EMPTY_BODY = YES;
				CLANG_WARN_ENUM_CONVERSION = YES;
				CLANG_WARN_INFINITE_RECURSION = YES;
				CLANG_WARN_INT_CONVERSION = YES;
				CLANG_WARN_NON_LITERAL_NULL_CONVERSION = YES;
				CLANG_WARN_OBJC_IMPLICIT_RETAIN_SELF = YES;
				CLANG_WARN_OBJC_LITERAL_CONVERSION = YES;
				CLANG_WARN_OBJC_ROOT_CLASS = YES_ERROR;
				CLANG_WARN_QUOTED_INCLUDE_IN_FRAMEWORK_HEADER = YES;
				CLANG_WARN_RANGE_LOOP_ANALYSIS = YES;
				CLANG_WARN_STRICT_PROTOTYPES = YES;
				CLANG_WARN_SUSPICIOUS_MOVE = YES;
				CLANG_WARN_UNGUARDED_AVAILABILITY = YES_AGGRESSIVE;
				CLANG_WARN_UNREACHABLE_CODE = YES;
				CLANG_WARN__DUPLICATE_METHOD_MATCH = YES;
				COPY_PHASE_STRIP = NO;
				DEBUG_INFORMATION_FORMAT = dwarf;
				ENABLE_STRICT_OBJC_MSGSEND = YES;
				ENABLE_TESTABILITY = YES;
				ENABLE_USER_SCRIPT_SANDBOXING = YES;
				GCC_C_LANGUAGE_STANDARD = gnu17;
				GCC_DYNAMIC_NO_PIC = NO;
				GCC_NO_COMMON_BLOCKS = YES;
				GCC_OPTIMIZATION_LEVEL = 0;
				GCC_PREPROCESSOR_DEFINITIONS = (
					"DEBUG=1",
					"$(inherited)",
				);
				GCC_WARN_64_TO_32_BIT_CONVERSION = YES;
				GCC_WARN_ABOUT_RETURN_TYPE = YES_ERROR;
				GCC_WARN_UNDECLARED_SELECTOR = YES;
				GCC_WARN_UNINITIALIZED_AUTOS = YES_AGGRESSIVE;
				GCC_WARN_UNUSED_FUNCTION = YES;
				GCC_WARN_UNUSED_VARIABLE = YES;
				IPHONEOS_DEPLOYMENT_TARGET = 17.2;
				LOCALIZATION_PREFERS_STRING_CATALOGS = YES;
				MTL_ENABLE_DEBUG_INFO = INCLUDE_SOURCE;
				MTL_FAST_MATH = YES;
				ONLY_ACTIVE_ARCH = YES;
				SDKROOT = iphoneos;
				SWIFT_ACTIVE_COMPILATION_CONDITIONS = "DEBUG $(inherited)";
				SWIFT_OPTIMIZATION_LEVEL = "-Onone";
			};
			name = Debug;
		};
		B89DF2272B954FB800EC9CEB /* Release */ = {
			isa = XCBuildConfiguration;
			buildSettings = {
				ALWAYS_SEARCH_USER_PATHS = NO;
				ASSETCATALOG_COMPILER_GENERATE_SWIFT_ASSET_SYMBOL_EXTENSIONS = YES;
				CLANG_ANALYZER_NONNULL = YES;
				CLANG_ANALYZER_NUMBER_OBJECT_CONVERSION = YES_AGGRESSIVE;
				CLANG_CXX_LANGUAGE_STANDARD = "gnu++20";
				CLANG_ENABLE_MODULES = YES;
				CLANG_ENABLE_OBJC_ARC = YES;
				CLANG_ENABLE_OBJC_WEAK = YES;
				CLANG_WARN_BLOCK_CAPTURE_AUTORELEASING = YES;
				CLANG_WARN_BOOL_CONVERSION = YES;
				CLANG_WARN_COMMA = YES;
				CLANG_WARN_CONSTANT_CONVERSION = YES;
				CLANG_WARN_DEPRECATED_OBJC_IMPLEMENTATIONS = YES;
				CLANG_WARN_DIRECT_OBJC_ISA_USAGE = YES_ERROR;
				CLANG_WARN_DOCUMENTATION_COMMENTS = YES;
				CLANG_WARN_EMPTY_BODY = YES;
				CLANG_WARN_ENUM_CONVERSION = YES;
				CLANG_WARN_INFINITE_RECURSION = YES;
				CLANG_WARN_INT_CONVERSION = YES;
				CLANG_WARN_NON_LITERAL_NULL_CONVERSION = YES;
				CLANG_WARN_OBJC_IMPLICIT_RETAIN_SELF = YES;
				CLANG_WARN_OBJC_LITERAL_CONVERSION = YES;
				CLANG_WARN_OBJC_ROOT_CLASS = YES_ERROR;
				CLANG_WARN_QUOTED_INCLUDE_IN_FRAMEWORK_HEADER = YES;
				CLANG_WARN_RANGE_LOOP_ANALYSIS = YES;
				CLANG_WARN_STRICT_PROTOTYPES = YES;
				CLANG_WARN_SUSPICIOUS_MOVE = YES;
				CLANG_WARN_UNGUARDED_AVAILABILITY = YES_AGGRESSIVE;
				CLANG_WARN_UNREACHABLE_CODE = YES;
				CLANG_WARN__DUPLICATE_METHOD_MATCH = YES;
				COPY_PHASE_STRIP = NO;
				DEBUG_INFORMATION_FORMAT = "dwarf-with-dsym";
				ENABLE_NS_ASSERTIONS = NO;
				ENABLE_STRICT_OBJC_MSGSEND = YES;
				ENABLE_USER_SCRIPT_SANDBOXING = YES;
				GCC_C_LANGUAGE_STANDARD = gnu17;
				GCC_NO_COMMON_BLOCKS = YES;
				GCC_WARN_64_TO_32_BIT_CONVERSION = YES;
				GCC_WARN_ABOUT_RETURN_TYPE = YES_ERROR;
				GCC_WARN_UNDECLARED_SELECTOR = YES;
				GCC_WARN_UNINITIALIZED_AUTOS = YES_AGGRESSIVE;
				GCC_WARN_UNUSED_FUNCTION = YES;
				GCC_WARN_UNUSED_VARIABLE = YES;
				IPHONEOS_DEPLOYMENT_TARGET = 17.2;
				LOCALIZATION_PREFERS_STRING_CATALOGS = YES;
				MTL_ENABLE_DEBUG_INFO = NO;
				MTL_FAST_MATH = YES;
				SDKROOT = iphoneos;
				SWIFT_COMPILATION_MODE = wholemodule;
				VALIDATE_PRODUCT = YES;
			};
			name = Release;
		};
		B89DF2292B954FB800EC9CEB /* Debug */ = {
			isa = XCBuildConfiguration;
			buildSettings = {
				ASSETCATALOG_COMPILER_APPICON_NAME = AppIcon;
				ASSETCATALOG_COMPILER_GLOBAL_ACCENT_COLOR_NAME = AccentColor;
				CODE_SIGN_STYLE = Automatic;
				CURRENT_PROJECT_VERSION = 1;
				DEVELOPMENT_ASSET_PATHS = "\"rocketgames/Preview Content\"";
				ENABLE_PREVIEWS = YES;
				GENERATE_INFOPLIST_FILE = YES;
				INFOPLIST_KEY_UIApplicationSceneManifest_Generation = YES;
				INFOPLIST_KEY_UIApplicationSupportsIndirectInputEvents = YES;
				INFOPLIST_KEY_UILaunchScreen_Generation = YES;
				INFOPLIST_KEY_UISupportedInterfaceOrientations_iPad = "UIInterfaceOrientationPortrait UIInterfaceOrientationPortraitUpsideDown UIInterfaceOrientationLandscapeLeft UIInterfaceOrientationLandscapeRight";
				INFOPLIST_KEY_UISupportedInterfaceOrientations_iPhone = "UIInterfaceOrientationPortrait UIInterfaceOrientationLandscapeLeft UIInterfaceOrientationLandscapeRight";
				LD_RUNPATH_SEARCH_PATHS = (
					"$(inherited)",
					"@executable_path/Frameworks",
				);
				MARKETING_VERSION = 1.0;
				PRODUCT_BUNDLE_IDENTIFIER = dev.bpark.rocketgames;
				PRODUCT_NAME = "$(TARGET_NAME)";
				SWIFT_EMIT_LOC_STRINGS = YES;
				SWIFT_VERSION = 5.0;
				TARGETED_DEVICE_FAMILY = "1,2";
			};
			name = Debug;
		};
		B89DF22A2B954FB800EC9CEB /* Release */ = {
			isa = XCBuildConfiguration;
			buildSettings = {
				ASSETCATALOG_COMPILER_APPICON_NAME = AppIcon;
				ASSETCATALOG_COMPILER_GLOBAL_ACCENT_COLOR_NAME = AccentColor;
				CODE_SIGN_STYLE = Automatic;
				CURRENT_PROJECT_VERSION = 1;
				DEVELOPMENT_ASSET_PATHS = "\"rocketgames/Preview Content\"";
				ENABLE_PREVIEWS = YES;
				GENERATE_INFOPLIST_FILE = YES;
				INFOPLIST_KEY_UIApplicationSceneManifest_Generation = YES;
				INFOPLIST_KEY_UIApplicationSupportsIndirectInputEvents = YES;
				INFOPLIST_KEY_UILaunchScreen_Generation = YES;
				INFOPLIST_KEY_UISupportedInterfaceOrientations_iPad = "UIInterfaceOrientationPortrait UIInterfaceOrientationPortraitUpsideDown UIInterfaceOrientationLandscapeLeft UIInterfaceOrientationLandscapeRight";
				INFOPLIST_KEY_UISupportedInterfaceOrientations_iPhone = "UIInterfaceOrientationPortrait UIInterfaceOrientationLandscapeLeft UIInterfaceOrientationLandscapeRight";
				LD_RUNPATH_SEARCH_PATHS = (
					"$(inherited)",
					"@executable_path/Frameworks",
				);
				MARKETING_VERSION = 1.0;
				PRODUCT_BUNDLE_IDENTIFIER = dev.bpark.rocketgames;
				PRODUCT_NAME = "$(TARGET_NAME)";
				SWIFT_EMIT_LOC_STRINGS = YES;
				SWIFT_VERSION = 5.0;
				TARGETED_DEVICE_FAMILY = "1,2";
			};
			name = Release;
		};
/* End XCBuildConfiguration section */

/* Begin XCConfigurationList section */
		B89DF2132B954FB500EC9CEB /* Build configuration list for PBXProject "rocketgames" */ = {
			isa = XCConfigurationList;
			buildConfigurations = (
				B89DF2262B954FB800EC9CEB /* Debug */,
				B89DF2272B954FB800EC9CEB /* Release */,
			);
			defaultConfigurationIsVisible = 0;
			defaultConfigurationName = Release;
		};
		B89DF2282B954FB800EC9CEB /* Build configuration list for PBXNativeTarget "rocketgames" */ = {
			isa = XCConfigurationList;
			buildConfigurations = (
				B89DF2292B954FB800EC9CEB /* Debug */,
				B89DF22A2B954FB800EC9CEB /* Release */,
			);
			defaultConfigurationIsVisible = 0;
			defaultConfigurationName = Release;
		};
/* End XCConfigurationList section */

/* Begin XCRemoteSwiftPackageReference section */
		B89DF2512BB1325300EC9CEB /* XCRemoteSwiftPackageReference "firebase-ios-sdk" */ = {
			isa = XCRemoteSwiftPackageReference;
			repositoryURL = "https://github.com/firebase/firebase-ios-sdk.git";
			requirement = {
				kind = upToNextMajorVersion;
				minimumVersion = 10.23.0;
			};
		};
/* End XCRemoteSwiftPackageReference section */

/* Begin XCSwiftPackageProductDependency section */
		B89DF2522BB1325300EC9CEB /* FirebaseAnalytics */ = {
			isa = XCSwiftPackageProductDependency;
			package = B89DF2512BB1325300EC9CEB /* XCRemoteSwiftPackageReference "firebase-ios-sdk" */;
			productName = FirebaseAnalytics;
		};
		B89DF2542BB1325300EC9CEB /* FirebaseAnalyticsOnDeviceConversion */ = {
			isa = XCSwiftPackageProductDependency;
			package = B89DF2512BB1325300EC9CEB /* XCRemoteSwiftPackageReference "firebase-ios-sdk" */;
			productName = FirebaseAnalyticsOnDeviceConversion;
		};
		B89DF2562BB1325300EC9CEB /* FirebaseAnalyticsSwift */ = {
			isa = XCSwiftPackageProductDependency;
			package = B89DF2512BB1325300EC9CEB /* XCRemoteSwiftPackageReference "firebase-ios-sdk" */;
			productName = FirebaseAnalyticsSwift;
		};
		B89DF2582BB1325300EC9CEB /* FirebaseAnalyticsWithoutAdIdSupport */ = {
			isa = XCSwiftPackageProductDependency;
			package = B89DF2512BB1325300EC9CEB /* XCRemoteSwiftPackageReference "firebase-ios-sdk" */;
			productName = FirebaseAnalyticsWithoutAdIdSupport;
		};
		B89DF25A2BB1325300EC9CEB /* FirebaseAppCheck */ = {
			isa = XCSwiftPackageProductDependency;
			package = B89DF2512BB1325300EC9CEB /* XCRemoteSwiftPackageReference "firebase-ios-sdk" */;
			productName = FirebaseAppCheck;
		};
		B89DF25C2BB1325300EC9CEB /* FirebaseAppDistribution-Beta */ = {
			isa = XCSwiftPackageProductDependency;
			package = B89DF2512BB1325300EC9CEB /* XCRemoteSwiftPackageReference "firebase-ios-sdk" */;
			productName = "FirebaseAppDistribution-Beta";
		};
		B89DF25E2BB1325300EC9CEB /* FirebaseAuth */ = {
			isa = XCSwiftPackageProductDependency;
			package = B89DF2512BB1325300EC9CEB /* XCRemoteSwiftPackageReference "firebase-ios-sdk" */;
			productName = FirebaseAuth;
		};
		B89DF2602BB1325300EC9CEB /* FirebaseAuthCombine-Community */ = {
			isa = XCSwiftPackageProductDependency;
			package = B89DF2512BB1325300EC9CEB /* XCRemoteSwiftPackageReference "firebase-ios-sdk" */;
			productName = "FirebaseAuthCombine-Community";
		};
		B89DF2622BB1325300EC9CEB /* FirebaseCrashlytics */ = {
			isa = XCSwiftPackageProductDependency;
			package = B89DF2512BB1325300EC9CEB /* XCRemoteSwiftPackageReference "firebase-ios-sdk" */;
			productName = FirebaseCrashlytics;
		};
/* End XCSwiftPackageProductDependency section */
	};
	rootObject = B89DF2102B954FB500EC9CEB /* Project object */;
}
