// !$*UTF8*$!
{
	archiveVersion = 1;
	classes = {
	};
	objectVersion = 56;
	objects = {

/* Begin PBXBuildFile section */
		B82A0C8F2BD0EAC400C546E4 /* OnboardingView.swift in Sources */ = {isa = PBXBuildFile; fileRef = B82A0C8E2BD0EAC400C546E4 /* OnboardingView.swift */; };
		B82A0C912BD0EE1600C546E4 /* CustomNavigationButton.swift in Sources */ = {isa = PBXBuildFile; fileRef = B82A0C902BD0EE1600C546E4 /* CustomNavigationButton.swift */; };
		B82A0C932BD0F48400C546E4 /* DotView.swift in Sources */ = {isa = PBXBuildFile; fileRef = B82A0C922BD0F48400C546E4 /* DotView.swift */; };
		B82A0C952BD0FBA100C546E4 /* StartGameView.swift in Sources */ = {isa = PBXBuildFile; fileRef = B82A0C942BD0FBA100C546E4 /* StartGameView.swift */; };
		B89DF21C2B954FB500EC9CEB /* rocketgamesApp.swift in Sources */ = {isa = PBXBuildFile; fileRef = B89DF21B2B954FB500EC9CEB /* rocketgamesApp.swift */; };
		B89DF21E2B954FB500EC9CEB /* ContentView.swift in Sources */ = {isa = PBXBuildFile; fileRef = B89DF21D2B954FB500EC9CEB /* ContentView.swift */; };
		B89DF2202B954FB500EC9CEB /* Item.swift in Sources */ = {isa = PBXBuildFile; fileRef = B89DF21F2B954FB500EC9CEB /* Item.swift */; };
		B89DF2222B954FB800EC9CEB /* Assets.xcassets in Resources */ = {isa = PBXBuildFile; fileRef = B89DF2212B954FB800EC9CEB /* Assets.xcassets */; };
		B89DF2252B954FB800EC9CEB /* Preview Assets.xcassets in Resources */ = {isa = PBXBuildFile; fileRef = B89DF2242B954FB800EC9CEB /* Preview Assets.xcassets */; };
		B89DF2342B99AC1600EC9CEB /* GoogleService-Info.plist in Resources */ = {isa = PBXBuildFile; fileRef = B89DF2332B99AC1600EC9CEB /* GoogleService-Info.plist */; };
		B89DF2532BB1325300EC9CEB /* FirebaseAnalytics in Frameworks */ = {isa = PBXBuildFile; productRef = B89DF2522BB1325300EC9CEB /* FirebaseAnalytics */; };
		B89DF2552BB1325300EC9CEB /* FirebaseAnalyticsOnDeviceConversion in Frameworks */ = {isa = PBXBuildFile; productRef = B89DF2542BB1325300EC9CEB /* FirebaseAnalyticsOnDeviceConversion */; };
		B89DF2572BB1325300EC9CEB /* FirebaseAnalyticsSwift in Frameworks */ = {isa = PBXBuildFile; productRef = B89DF2562BB1325300EC9CEB /* FirebaseAnalyticsSwift */; };
		B89DF2592BB1325300EC9CEB /* FirebaseAnalyticsWithoutAdIdSupport in Frameworks */ = {isa = PBXBuildFile; productRef = B89DF2582BB1325300EC9CEB /* FirebaseAnalyticsWithoutAdIdSupport */; };
		B89DF25B2BB1325300EC9CEB /* FirebaseAppCheck in Frameworks */ = {isa = PBXBuildFile; productRef = B89DF25A2BB1325300EC9CEB /* FirebaseAppCheck */; };
		B89DF25D2BB1325300EC9CEB /* FirebaseAppDistribution-Beta in Frameworks */ = {isa = PBXBuildFile; productRef = B89DF25C2BB1325300EC9CEB /* FirebaseAppDistribution-Beta */; };
		B89DF25F2BB1325300EC9CEB /* FirebaseAuth in Frameworks */ = {isa = PBXBuildFile; productRef = B89DF25E2BB1325300EC9CEB /* FirebaseAuth */; };
		B89DF2612BB1325300EC9CEB /* FirebaseAuthCombine-Community in Frameworks */ = {isa = PBXBuildFile; productRef = B89DF2602BB1325300EC9CEB /* FirebaseAuthCombine-Community */; };
		B89DF2632BB1325300EC9CEB /* FirebaseCrashlytics in Frameworks */ = {isa = PBXBuildFile; productRef = B89DF2622BB1325300EC9CEB /* FirebaseCrashlytics */; };
		B89DF2772BB6744900EC9CEB /* README.md in Resources */ = {isa = PBXBuildFile; fileRef = B89DF2762BB6744900EC9CEB /* README.md */; };
		B89DF27C2BC0A81800EC9CEB /* InputView.swift in Sources */ = {isa = PBXBuildFile; fileRef = B89DF27B2BC0A81800EC9CEB /* InputView.swift */; };
		B89DF27F2BC0AA2C00EC9CEB /* Loginview.swift in Sources */ = {isa = PBXBuildFile; fileRef = B89DF27E2BC0AA2C00EC9CEB /* Loginview.swift */; };
		B89DF2842BC0C02E00EC9CEB /* Registerview.swift in Sources */ = {isa = PBXBuildFile; fileRef = B89DF2832BC0C02E00EC9CEB /* Registerview.swift */; };
		B89DF2872BC0C5AE00EC9CEB /* ProfileView.swift in Sources */ = {isa = PBXBuildFile; fileRef = B89DF2862BC0C5AE00EC9CEB /* ProfileView.swift */; };
		B8DBC6D12BC513410027E3C0 /* FirebaseAnalytics in Frameworks */ = {isa = PBXBuildFile; productRef = B8DBC6D02BC513410027E3C0 /* FirebaseAnalytics */; };
		B8DBC6D32BC513410027E3C0 /* FirebaseAnalyticsOnDeviceConversion in Frameworks */ = {isa = PBXBuildFile; productRef = B8DBC6D22BC513410027E3C0 /* FirebaseAnalyticsOnDeviceConversion */; };
		B8DBC6D52BC513410027E3C0 /* FirebaseAnalyticsSwift in Frameworks */ = {isa = PBXBuildFile; productRef = B8DBC6D42BC513410027E3C0 /* FirebaseAnalyticsSwift */; };
		B8DBC6D72BC513410027E3C0 /* FirebaseAnalyticsWithoutAdIdSupport in Frameworks */ = {isa = PBXBuildFile; productRef = B8DBC6D62BC513410027E3C0 /* FirebaseAnalyticsWithoutAdIdSupport */; };
		B8DBC6D92BC513410027E3C0 /* FirebaseAppCheck in Frameworks */ = {isa = PBXBuildFile; productRef = B8DBC6D82BC513410027E3C0 /* FirebaseAppCheck */; };
		B8DBC6DB2BC5135D0027E3C0 /* FirebaseAnalytics in Frameworks */ = {isa = PBXBuildFile; productRef = B8DBC6DA2BC5135D0027E3C0 /* FirebaseAnalytics */; };
		B8DBC6DD2BC5135D0027E3C0 /* FirebaseAnalyticsOnDeviceConversion in Frameworks */ = {isa = PBXBuildFile; productRef = B8DBC6DC2BC5135D0027E3C0 /* FirebaseAnalyticsOnDeviceConversion */; };
		B8DBC6DF2BC5135D0027E3C0 /* FirebaseAnalyticsSwift in Frameworks */ = {isa = PBXBuildFile; productRef = B8DBC6DE2BC5135D0027E3C0 /* FirebaseAnalyticsSwift */; };
		B8DBC6E12BC5135D0027E3C0 /* FirebaseAnalyticsWithoutAdIdSupport in Frameworks */ = {isa = PBXBuildFile; productRef = B8DBC6E02BC5135D0027E3C0 /* FirebaseAnalyticsWithoutAdIdSupport */; };
		B8DBC6E32BC5135D0027E3C0 /* FirebaseAppCheck in Frameworks */ = {isa = PBXBuildFile; productRef = B8DBC6E22BC5135D0027E3C0 /* FirebaseAppCheck */; };
		B8DBC6E52BC5135D0027E3C0 /* FirebaseAppDistribution-Beta in Frameworks */ = {isa = PBXBuildFile; productRef = B8DBC6E42BC5135D0027E3C0 /* FirebaseAppDistribution-Beta */; };
		B8DBC6E72BC5135D0027E3C0 /* FirebaseAuth in Frameworks */ = {isa = PBXBuildFile; productRef = B8DBC6E62BC5135D0027E3C0 /* FirebaseAuth */; };
		B8DBC6E92BC5135D0027E3C0 /* FirebaseAuthCombine-Community in Frameworks */ = {isa = PBXBuildFile; productRef = B8DBC6E82BC5135D0027E3C0 /* FirebaseAuthCombine-Community */; };
		B8DBC6EB2BC5135D0027E3C0 /* FirebaseCrashlytics in Frameworks */ = {isa = PBXBuildFile; productRef = B8DBC6EA2BC5135D0027E3C0 /* FirebaseCrashlytics */; };
		B8DBC6ED2BC5135D0027E3C0 /* FirebaseDatabase in Frameworks */ = {isa = PBXBuildFile; productRef = B8DBC6EC2BC5135D0027E3C0 /* FirebaseDatabase */; };
		B8DBC6EF2BC5135D0027E3C0 /* FirebaseDatabaseSwift in Frameworks */ = {isa = PBXBuildFile; productRef = B8DBC6EE2BC5135D0027E3C0 /* FirebaseDatabaseSwift */; };
		B8DBC6F12BC5135D0027E3C0 /* FirebaseDynamicLinks in Frameworks */ = {isa = PBXBuildFile; productRef = B8DBC6F02BC5135D0027E3C0 /* FirebaseDynamicLinks */; };
		B8DBC6F32BC5135D0027E3C0 /* FirebaseFirestore in Frameworks */ = {isa = PBXBuildFile; productRef = B8DBC6F22BC5135D0027E3C0 /* FirebaseFirestore */; };
		B8DBC6F52BC5135D0027E3C0 /* FirebaseFirestoreCombine-Community in Frameworks */ = {isa = PBXBuildFile; productRef = B8DBC6F42BC5135D0027E3C0 /* FirebaseFirestoreCombine-Community */; };
		B8DBC6F72BC5135D0027E3C0 /* FirebaseFirestoreSwift in Frameworks */ = {isa = PBXBuildFile; productRef = B8DBC6F62BC5135D0027E3C0 /* FirebaseFirestoreSwift */; };
		B8DBC6F92BC5135D0027E3C0 /* FirebaseFunctions in Frameworks */ = {isa = PBXBuildFile; productRef = B8DBC6F82BC5135D0027E3C0 /* FirebaseFunctions */; };
		B8DBC6FB2BC5135D0027E3C0 /* FirebaseFunctionsCombine-Community in Frameworks */ = {isa = PBXBuildFile; productRef = B8DBC6FA2BC5135D0027E3C0 /* FirebaseFunctionsCombine-Community */; };
		B8DBC6FD2BC5135D0027E3C0 /* FirebaseInAppMessaging-Beta in Frameworks */ = {isa = PBXBuildFile; productRef = B8DBC6FC2BC5135D0027E3C0 /* FirebaseInAppMessaging-Beta */; };
		B8EE9B032BC0CAEB00FD9613 /* SettingsRowView.swift in Sources */ = {isa = PBXBuildFile; fileRef = B8EE9B022BC0CAEB00FD9613 /* SettingsRowView.swift */; };
		B8EE9B082BC0CDA200FD9613 /* User.swift in Sources */ = {isa = PBXBuildFile; fileRef = B8EE9B072BC0CDA200FD9613 /* User.swift */; };
		B8EE9B0E2BC0D32D00FD9613 /* AuthViewModel.swift in Sources */ = {isa = PBXBuildFile; fileRef = B8EE9B0D2BC0D32D00FD9613 /* AuthViewModel.swift */; };
/* End PBXBuildFile section */

/* Begin PBXFileReference section */
		B82A0C8E2BD0EAC400C546E4 /* OnboardingView.swift */ = {isa = PBXFileReference; lastKnownFileType = sourcecode.swift; path = OnboardingView.swift; sourceTree = "<group>"; };
		B82A0C902BD0EE1600C546E4 /* CustomNavigationButton.swift */ = {isa = PBXFileReference; lastKnownFileType = sourcecode.swift; path = CustomNavigationButton.swift; sourceTree = "<group>"; };
		B82A0C922BD0F48400C546E4 /* DotView.swift */ = {isa = PBXFileReference; lastKnownFileType = sourcecode.swift; path = DotView.swift; sourceTree = "<group>"; };
		B82A0C942BD0FBA100C546E4 /* StartGameView.swift */ = {isa = PBXFileReference; lastKnownFileType = sourcecode.swift; path = StartGameView.swift; sourceTree = "<group>"; };
		B89DF2182B954FB500EC9CEB /* rocketgames.app */ = {isa = PBXFileReference; explicitFileType = wrapper.application; includeInIndex = 0; path = rocketgames.app; sourceTree = BUILT_PRODUCTS_DIR; };
		B89DF21B2B954FB500EC9CEB /* rocketgamesApp.swift */ = {isa = PBXFileReference; lastKnownFileType = sourcecode.swift; path = rocketgamesApp.swift; sourceTree = "<group>"; };
		B89DF21D2B954FB500EC9CEB /* ContentView.swift */ = {isa = PBXFileReference; lastKnownFileType = sourcecode.swift; path = ContentView.swift; sourceTree = "<group>"; };
		B89DF21F2B954FB500EC9CEB /* Item.swift */ = {isa = PBXFileReference; lastKnownFileType = sourcecode.swift; path = Item.swift; sourceTree = "<group>"; };
		B89DF2212B954FB800EC9CEB /* Assets.xcassets */ = {isa = PBXFileReference; lastKnownFileType = folder.assetcatalog; path = Assets.xcassets; sourceTree = "<group>"; };
		B89DF2242B954FB800EC9CEB /* Preview Assets.xcassets */ = {isa = PBXFileReference; lastKnownFileType = folder.assetcatalog; path = "Preview Assets.xcassets"; sourceTree = "<group>"; };
		B89DF2332B99AC1600EC9CEB /* GoogleService-Info.plist */ = {isa = PBXFileReference; fileEncoding = 4; lastKnownFileType = text.plist.xml; name = "GoogleService-Info.plist"; path = "../../../../Downloads/GoogleService-Info.plist"; sourceTree = "<group>"; };
		B89DF2762BB6744900EC9CEB /* README.md */ = {isa = PBXFileReference; lastKnownFileType = net.daringfireball.markdown; path = README.md; sourceTree = "<group>"; };
		B89DF27B2BC0A81800EC9CEB /* InputView.swift */ = {isa = PBXFileReference; lastKnownFileType = sourcecode.swift; path = InputView.swift; sourceTree = "<group>"; };
		B89DF27E2BC0AA2C00EC9CEB /* Loginview.swift */ = {isa = PBXFileReference; lastKnownFileType = sourcecode.swift; path = Loginview.swift; sourceTree = "<group>"; };
		B89DF2832BC0C02E00EC9CEB /* Registerview.swift */ = {isa = PBXFileReference; lastKnownFileType = sourcecode.swift; path = Registerview.swift; sourceTree = "<group>"; };
		B89DF2862BC0C5AE00EC9CEB /* ProfileView.swift */ = {isa = PBXFileReference; lastKnownFileType = sourcecode.swift; path = ProfileView.swift; sourceTree = "<group>"; };
		B8EE9B022BC0CAEB00FD9613 /* SettingsRowView.swift */ = {isa = PBXFileReference; lastKnownFileType = sourcecode.swift; path = SettingsRowView.swift; sourceTree = "<group>"; };
		B8EE9B072BC0CDA200FD9613 /* User.swift */ = {isa = PBXFileReference; lastKnownFileType = sourcecode.swift; path = User.swift; sourceTree = "<group>"; };
		B8EE9B0D2BC0D32D00FD9613 /* AuthViewModel.swift */ = {isa = PBXFileReference; lastKnownFileType = sourcecode.swift; path = AuthViewModel.swift; sourceTree = "<group>"; };
/* End PBXFileReference section */

/* Begin PBXFrameworksBuildPhase section */
		B89DF2152B954FB500EC9CEB /* Frameworks */ = {
			isa = PBXFrameworksBuildPhase;
			buildActionMask = 2147483647;
			files = (
				B8DBC6E32BC5135D0027E3C0 /* FirebaseAppCheck in Frameworks */,
				B8DBC6D72BC513410027E3C0 /* FirebaseAnalyticsWithoutAdIdSupport in Frameworks */,
				B8DBC6D52BC513410027E3C0 /* FirebaseAnalyticsSwift in Frameworks */,
				B89DF2572BB1325300EC9CEB /* FirebaseAnalyticsSwift in Frameworks */,
				B8DBC6DF2BC5135D0027E3C0 /* FirebaseAnalyticsSwift in Frameworks */,
				B89DF2532BB1325300EC9CEB /* FirebaseAnalytics in Frameworks */,
				B8DBC6ED2BC5135D0027E3C0 /* FirebaseDatabase in Frameworks */,
				B8DBC6FB2BC5135D0027E3C0 /* FirebaseFunctionsCombine-Community in Frameworks */,
				B8DBC6D92BC513410027E3C0 /* FirebaseAppCheck in Frameworks */,
				B8DBC6E52BC5135D0027E3C0 /* FirebaseAppDistribution-Beta in Frameworks */,
				B8DBC6D32BC513410027E3C0 /* FirebaseAnalyticsOnDeviceConversion in Frameworks */,
				B8DBC6E12BC5135D0027E3C0 /* FirebaseAnalyticsWithoutAdIdSupport in Frameworks */,
				B8DBC6F72BC5135D0027E3C0 /* FirebaseFirestoreSwift in Frameworks */,
				B89DF2552BB1325300EC9CEB /* FirebaseAnalyticsOnDeviceConversion in Frameworks */,
				B8DBC6DD2BC5135D0027E3C0 /* FirebaseAnalyticsOnDeviceConversion in Frameworks */,
				B8DBC6F52BC5135D0027E3C0 /* FirebaseFirestoreCombine-Community in Frameworks */,
				B89DF25B2BB1325300EC9CEB /* FirebaseAppCheck in Frameworks */,
				B8DBC6F32BC5135D0027E3C0 /* FirebaseFirestore in Frameworks */,
				B8DBC6DB2BC5135D0027E3C0 /* FirebaseAnalytics in Frameworks */,
				B8DBC6EF2BC5135D0027E3C0 /* FirebaseDatabaseSwift in Frameworks */,
				B89DF2592BB1325300EC9CEB /* FirebaseAnalyticsWithoutAdIdSupport in Frameworks */,
				B89DF25F2BB1325300EC9CEB /* FirebaseAuth in Frameworks */,
				B89DF2632BB1325300EC9CEB /* FirebaseCrashlytics in Frameworks */,
				B8DBC6E92BC5135D0027E3C0 /* FirebaseAuthCombine-Community in Frameworks */,
				B8DBC6EB2BC5135D0027E3C0 /* FirebaseCrashlytics in Frameworks */,
				B89DF25D2BB1325300EC9CEB /* FirebaseAppDistribution-Beta in Frameworks */,
				B8DBC6D12BC513410027E3C0 /* FirebaseAnalytics in Frameworks */,
				B8DBC6FD2BC5135D0027E3C0 /* FirebaseInAppMessaging-Beta in Frameworks */,
				B8DBC6E72BC5135D0027E3C0 /* FirebaseAuth in Frameworks */,
				B8DBC6F92BC5135D0027E3C0 /* FirebaseFunctions in Frameworks */,
				B89DF2612BB1325300EC9CEB /* FirebaseAuthCombine-Community in Frameworks */,
				B8DBC6F12BC5135D0027E3C0 /* FirebaseDynamicLinks in Frameworks */,
			);
			runOnlyForDeploymentPostprocessing = 0;
		};
/* End PBXFrameworksBuildPhase section */

/* Begin PBXGroup section */
		B82A0C8D2BD0EAB600C546E4 /* Onboarding */ = {
			isa = PBXGroup;
			children = (
				B82A0C8E2BD0EAC400C546E4 /* OnboardingView.swift */,
				B82A0C942BD0FBA100C546E4 /* StartGameView.swift */,
			);
			path = Onboarding;
			sourceTree = "<group>";
		};
		B89DF20F2B954FB500EC9CEB = {
			isa = PBXGroup;
			children = (
				B89DF2762BB6744900EC9CEB /* README.md */,
				B89DF21A2B954FB500EC9CEB /* rocketgames */,
				B89DF2192B954FB500EC9CEB /* Products */,
				B89DF2402B99AD6D00EC9CEB /* Frameworks */,
			);
			sourceTree = "<group>";
		};
		B89DF2192B954FB500EC9CEB /* Products */ = {
			isa = PBXGroup;
			children = (
				B89DF2182B954FB500EC9CEB /* rocketgames.app */,
			);
			name = Products;
			sourceTree = "<group>";
		};
		B89DF21A2B954FB500EC9CEB /* rocketgames */ = {
			isa = PBXGroup;
			children = (
				B82A0C8D2BD0EAB600C546E4 /* Onboarding */,
				B8EE9B042BC0CD3700FD9613 /* Model */,
				B89DF2852BC0C59B00EC9CEB /* Profile */,
				B89DF27D2BC0AA1B00EC9CEB /* Core */,
				B89DF27A2BC0A80900EC9CEB /* Components */,
				B89DF21B2B954FB500EC9CEB /* rocketgamesApp.swift */,
				B89DF21D2B954FB500EC9CEB /* ContentView.swift */,
				B89DF21F2B954FB500EC9CEB /* Item.swift */,
				B89DF2332B99AC1600EC9CEB /* GoogleService-Info.plist */,
				B89DF2212B954FB800EC9CEB /* Assets.xcassets */,
				B89DF2232B954FB800EC9CEB /* Preview Content */,
			);
			path = rocketgames;
			sourceTree = "<group>";
		};
		B89DF2232B954FB800EC9CEB /* Preview Content */ = {
			isa = PBXGroup;
			children = (
				B89DF2242B954FB800EC9CEB /* Preview Assets.xcassets */,
			);
			path = "Preview Content";
			sourceTree = "<group>";
		};
		B89DF2402B99AD6D00EC9CEB /* Frameworks */ = {
			isa = PBXGroup;
			children = (
			);
			name = Frameworks;
			sourceTree = "<group>";
		};
		B89DF27A2BC0A80900EC9CEB /* Components */ = {
			isa = PBXGroup;
			children = (
				B89DF27B2BC0A81800EC9CEB /* InputView.swift */,
				B8EE9B022BC0CAEB00FD9613 /* SettingsRowView.swift */,
				B82A0C902BD0EE1600C546E4 /* CustomNavigationButton.swift */,
				B82A0C922BD0F48400C546E4 /* DotView.swift */,
			);
			path = Components;
			sourceTree = "<group>";
		};
		B89DF27D2BC0AA1B00EC9CEB /* Core */ = {
			isa = PBXGroup;
			children = (
				B89DF2802BC0BFEC00EC9CEB /* Authentication */,
			);
			path = Core;
			sourceTree = "<group>";
		};
		B89DF2802BC0BFEC00EC9CEB /* Authentication */ = {
			isa = PBXGroup;
			children = (
				B8EE9B0A2BC0D20A00FD9613 /* View */,
				B8EE9B092BC0D1FE00FD9613 /* ViewModel */,
			);
			path = Authentication;
			sourceTree = "<group>";
		};
		B89DF2852BC0C59B00EC9CEB /* Profile */ = {
			isa = PBXGroup;
			children = (
				B89DF2862BC0C5AE00EC9CEB /* ProfileView.swift */,
			);
			path = Profile;
			sourceTree = "<group>";
		};
		B8EE9B042BC0CD3700FD9613 /* Model */ = {
			isa = PBXGroup;
			children = (
				B8EE9B072BC0CDA200FD9613 /* User.swift */,
			);
			path = Model;
			sourceTree = "<group>";
		};
		B8EE9B092BC0D1FE00FD9613 /* ViewModel */ = {
			isa = PBXGroup;
			children = (
				B8EE9B0D2BC0D32D00FD9613 /* AuthViewModel.swift */,
			);
			path = ViewModel;
			sourceTree = "<group>";
		};
		B8EE9B0A2BC0D20A00FD9613 /* View */ = {
			isa = PBXGroup;
			children = (
				B89DF27E2BC0AA2C00EC9CEB /* Loginview.swift */,
				B89DF2832BC0C02E00EC9CEB /* Registerview.swift */,
			);
			path = View;
			sourceTree = "<group>";
		};
/* End PBXGroup section */

/* Begin PBXNativeTarget section */
		B89DF2172B954FB500EC9CEB /* rocketgames */ = {
			isa = PBXNativeTarget;
			buildConfigurationList = B89DF2282B954FB800EC9CEB /* Build configuration list for PBXNativeTarget "rocketgames" */;
			buildPhases = (
				B89DF2142B954FB500EC9CEB /* Sources */,
				B89DF2152B954FB500EC9CEB /* Frameworks */,
				B89DF2162B954FB500EC9CEB /* Resources */,
			);
			buildRules = (
			);
			dependencies = (
			);
			name = rocketgames;
			packageProductDependencies = (
				B89DF2522BB1325300EC9CEB /* FirebaseAnalytics */,
				B89DF2542BB1325300EC9CEB /* FirebaseAnalyticsOnDeviceConversion */,
				B89DF2562BB1325300EC9CEB /* FirebaseAnalyticsSwift */,
				B89DF2582BB1325300EC9CEB /* FirebaseAnalyticsWithoutAdIdSupport */,
				B89DF25A2BB1325300EC9CEB /* FirebaseAppCheck */,
				B89DF25C2BB1325300EC9CEB /* FirebaseAppDistribution-Beta */,
				B89DF25E2BB1325300EC9CEB /* FirebaseAuth */,
				B89DF2602BB1325300EC9CEB /* FirebaseAuthCombine-Community */,
				B89DF2622BB1325300EC9CEB /* FirebaseCrashlytics */,
				B8DBC6D02BC513410027E3C0 /* FirebaseAnalytics */,
				B8DBC6D22BC513410027E3C0 /* FirebaseAnalyticsOnDeviceConversion */,
				B8DBC6D42BC513410027E3C0 /* FirebaseAnalyticsSwift */,
				B8DBC6D62BC513410027E3C0 /* FirebaseAnalyticsWithoutAdIdSupport */,
				B8DBC6D82BC513410027E3C0 /* FirebaseAppCheck */,
				B8DBC6DA2BC5135D0027E3C0 /* FirebaseAnalytics */,
				B8DBC6DC2BC5135D0027E3C0 /* FirebaseAnalyticsOnDeviceConversion */,
				B8DBC6DE2BC5135D0027E3C0 /* FirebaseAnalyticsSwift */,
				B8DBC6E02BC5135D0027E3C0 /* FirebaseAnalyticsWithoutAdIdSupport */,
				B8DBC6E22BC5135D0027E3C0 /* FirebaseAppCheck */,
				B8DBC6E42BC5135D0027E3C0 /* FirebaseAppDistribution-Beta */,
				B8DBC6E62BC5135D0027E3C0 /* FirebaseAuth */,
				B8DBC6E82BC5135D0027E3C0 /* FirebaseAuthCombine-Community */,
				B8DBC6EA2BC5135D0027E3C0 /* FirebaseCrashlytics */,
				B8DBC6EC2BC5135D0027E3C0 /* FirebaseDatabase */,
				B8DBC6EE2BC5135D0027E3C0 /* FirebaseDatabaseSwift */,
				B8DBC6F02BC5135D0027E3C0 /* FirebaseDynamicLinks */,
				B8DBC6F22BC5135D0027E3C0 /* FirebaseFirestore */,
				B8DBC6F42BC5135D0027E3C0 /* FirebaseFirestoreCombine-Community */,
				B8DBC6F62BC5135D0027E3C0 /* FirebaseFirestoreSwift */,
				B8DBC6F82BC5135D0027E3C0 /* FirebaseFunctions */,
				B8DBC6FA2BC5135D0027E3C0 /* FirebaseFunctionsCombine-Community */,
				B8DBC6FC2BC5135D0027E3C0 /* FirebaseInAppMessaging-Beta */,
			);
			productName = rocketgames;
			productReference = B89DF2182B954FB500EC9CEB /* rocketgames.app */;
			productType = "com.apple.product-type.application";
		};
/* End PBXNativeTarget section */

/* Begin PBXProject section */
		B89DF2102B954FB500EC9CEB /* Project object */ = {
			isa = PBXProject;
			attributes = {
				BuildIndependentTargetsInParallel = 1;
				LastSwiftUpdateCheck = 1520;
				LastUpgradeCheck = 1520;
				TargetAttributes = {
					B89DF2172B954FB500EC9CEB = {
						CreatedOnToolsVersion = 15.2;
					};
				};
			};
			buildConfigurationList = B89DF2132B954FB500EC9CEB /* Build configuration list for PBXProject "rocketgames" */;
			compatibilityVersion = "Xcode 14.0";
			developmentRegion = en;
			hasScannedForEncodings = 0;
			knownRegions = (
				en,
				Base,
			);
			mainGroup = B89DF20F2B954FB500EC9CEB;
			packageReferences = (
				B89DF2512BB1325300EC9CEB /* XCRemoteSwiftPackageReference "firebase-ios-sdk" */,
			);
			productRefGroup = B89DF2192B954FB500EC9CEB /* Products */;
			projectDirPath = "";
			projectRoot = "";
			targets = (
				B89DF2172B954FB500EC9CEB /* rocketgames */,
			);
		};
/* End PBXProject section */

/* Begin PBXResourcesBuildPhase section */
		B89DF2162B954FB500EC9CEB /* Resources */ = {
			isa = PBXResourcesBuildPhase;
			buildActionMask = 2147483647;
			files = (
				B89DF2252B954FB800EC9CEB /* Preview Assets.xcassets in Resources */,
				B89DF2222B954FB800EC9CEB /* Assets.xcassets in Resources */,
				B89DF2772BB6744900EC9CEB /* README.md in Resources */,
				B89DF2342B99AC1600EC9CEB /* GoogleService-Info.plist in Resources */,
			);
			runOnlyForDeploymentPostprocessing = 0;
		};
/* End PBXResourcesBuildPhase section */

/* Begin PBXSourcesBuildPhase section */
		B89DF2142B954FB500EC9CEB /* Sources */ = {
			isa = PBXSourcesBuildPhase;
			buildActionMask = 2147483647;
			files = (
				B89DF21E2B954FB500EC9CEB /* ContentView.swift in Sources */,
				B89DF27F2BC0AA2C00EC9CEB /* Loginview.swift in Sources */,
				B89DF27C2BC0A81800EC9CEB /* InputView.swift in Sources */,
				B82A0C952BD0FBA100C546E4 /* StartGameView.swift in Sources */,
				B89DF2202B954FB500EC9CEB /* Item.swift in Sources */,
				B89DF2842BC0C02E00EC9CEB /* Registerview.swift in Sources */,
				B89DF21C2B954FB500EC9CEB /* rocketgamesApp.swift in Sources */,
				B82A0C912BD0EE1600C546E4 /* CustomNavigationButton.swift in Sources */,
				B8EE9B032BC0CAEB00FD9613 /* SettingsRowView.swift in Sources */,
				B8EE9B0E2BC0D32D00FD9613 /* AuthViewModel.swift in Sources */,
				B89DF2872BC0C5AE00EC9CEB /* ProfileView.swift in Sources */,
				B8EE9B082BC0CDA200FD9613 /* User.swift in Sources */,
				B82A0C932BD0F48400C546E4 /* DotView.swift in Sources */,
				B82A0C8F2BD0EAC400C546E4 /* OnboardingView.swift in Sources */,
			);
			runOnlyForDeploymentPostprocessing = 0;
		};
/* End PBXSourcesBuildPhase section */

/* Begin XCBuildConfiguration section */
		B89DF2262B954FB800EC9CEB /* Debug */ = {
			isa = XCBuildConfiguration;
			buildSettings = {
				ALWAYS_SEARCH_USER_PATHS = NO;
				ASSETCATALOG_COMPILER_GENERATE_SWIFT_ASSET_SYMBOL_EXTENSIONS = YES;
				CLANG_ANALYZER_NONNULL = YES;
				CLANG_ANALYZER_NUMBER_OBJECT_CONVERSION = YES_AGGRESSIVE;
				CLANG_CXX_LANGUAGE_STANDARD = "gnu++20";
				CLANG_ENABLE_MODULES = YES;
				CLANG_ENABLE_OBJC_ARC = YES;
				CLANG_ENABLE_OBJC_WEAK = YES;
				CLANG_WARN_BLOCK_CAPTURE_AUTORELEASING = YES;
				CLANG_WARN_BOOL_CONVERSION = YES;
				CLANG_WARN_COMMA = YES;
				CLANG_WARN_CONSTANT_CONVERSION = YES;
				CLANG_WARN_DEPRECATED_OBJC_IMPLEMENTATIONS = YES;
				CLANG_WARN_DIRECT_OBJC_ISA_USAGE = YES_ERROR;
				CLANG_WARN_DOCUMENTATION_COMMENTS = YES;
				CLANG_WARN_EMPTY_BODY = YES;
				CLANG_WARN_ENUM_CONVERSION = YES;
				CLANG_WARN_INFINITE_RECURSION = YES;
				CLANG_WARN_INT_CONVERSION = YES;
				CLANG_WARN_NON_LITERAL_NULL_CONVERSION = YES;
				CLANG_WARN_OBJC_IMPLICIT_RETAIN_SELF = YES;
				CLANG_WARN_OBJC_LITERAL_CONVERSION = YES;
				CLANG_WARN_OBJC_ROOT_CLASS = YES_ERROR;
				CLANG_WARN_QUOTED_INCLUDE_IN_FRAMEWORK_HEADER = YES;
				CLANG_WARN_RANGE_LOOP_ANALYSIS = YES;
				CLANG_WARN_STRICT_PROTOTYPES = YES;
				CLANG_WARN_SUSPICIOUS_MOVE = YES;
				CLANG_WARN_UNGUARDED_AVAILABILITY = YES_AGGRESSIVE;
				CLANG_WARN_UNREACHABLE_CODE = YES;
				CLANG_WARN__DUPLICATE_METHOD_MATCH = YES;
				COPY_PHASE_STRIP = NO;
				DEBUG_INFORMATION_FORMAT = dwarf;
				ENABLE_STRICT_OBJC_MSGSEND = YES;
				ENABLE_TESTABILITY = YES;
				ENABLE_USER_SCRIPT_SANDBOXING = YES;
				GCC_C_LANGUAGE_STANDARD = gnu17;
				GCC_DYNAMIC_NO_PIC = NO;
				GCC_NO_COMMON_BLOCKS = YES;
				GCC_OPTIMIZATION_LEVEL = 0;
				GCC_PREPROCESSOR_DEFINITIONS = (
					"DEBUG=1",
					"$(inherited)",
				);
				GCC_WARN_64_TO_32_BIT_CONVERSION = YES;
				GCC_WARN_ABOUT_RETURN_TYPE = YES_ERROR;
				GCC_WARN_UNDECLARED_SELECTOR = YES;
				GCC_WARN_UNINITIALIZED_AUTOS = YES_AGGRESSIVE;
				GCC_WARN_UNUSED_FUNCTION = YES;
				GCC_WARN_UNUSED_VARIABLE = YES;
				IPHONEOS_DEPLOYMENT_TARGET = 17.2;
				LOCALIZATION_PREFERS_STRING_CATALOGS = YES;
				MTL_ENABLE_DEBUG_INFO = INCLUDE_SOURCE;
				MTL_FAST_MATH = YES;
				ONLY_ACTIVE_ARCH = YES;
				SDKROOT = iphoneos;
				SWIFT_ACTIVE_COMPILATION_CONDITIONS = "DEBUG $(inherited)";
				SWIFT_OPTIMIZATION_LEVEL = "-Onone";
			};
			name = Debug;
		};
		B89DF2272B954FB800EC9CEB /* Release */ = {
			isa = XCBuildConfiguration;
			buildSettings = {
				ALWAYS_SEARCH_USER_PATHS = NO;
				ASSETCATALOG_COMPILER_GENERATE_SWIFT_ASSET_SYMBOL_EXTENSIONS = YES;
				CLANG_ANALYZER_NONNULL = YES;
				CLANG_ANALYZER_NUMBER_OBJECT_CONVERSION = YES_AGGRESSIVE;
				CLANG_CXX_LANGUAGE_STANDARD = "gnu++20";
				CLANG_ENABLE_MODULES = YES;
				CLANG_ENABLE_OBJC_ARC = YES;
				CLANG_ENABLE_OBJC_WEAK = YES;
				CLANG_WARN_BLOCK_CAPTURE_AUTORELEASING = YES;
				CLANG_WARN_BOOL_CONVERSION = YES;
				CLANG_WARN_COMMA = YES;
				CLANG_WARN_CONSTANT_CONVERSION = YES;
				CLANG_WARN_DEPRECATED_OBJC_IMPLEMENTATIONS = YES;
				CLANG_WARN_DIRECT_OBJC_ISA_USAGE = YES_ERROR;
				CLANG_WARN_DOCUMENTATION_COMMENTS = YES;
				CLANG_WARN_EMPTY_BODY = YES;
				CLANG_WARN_ENUM_CONVERSION = YES;
				CLANG_WARN_INFINITE_RECURSION = YES;
				CLANG_WARN_INT_CONVERSION = YES;
				CLANG_WARN_NON_LITERAL_NULL_CONVERSION = YES;
				CLANG_WARN_OBJC_IMPLICIT_RETAIN_SELF = YES;
				CLANG_WARN_OBJC_LITERAL_CONVERSION = YES;
				CLANG_WARN_OBJC_ROOT_CLASS = YES_ERROR;
				CLANG_WARN_QUOTED_INCLUDE_IN_FRAMEWORK_HEADER = YES;
				CLANG_WARN_RANGE_LOOP_ANALYSIS = YES;
				CLANG_WARN_STRICT_PROTOTYPES = YES;
				CLANG_WARN_SUSPICIOUS_MOVE = YES;
				CLANG_WARN_UNGUARDED_AVAILABILITY = YES_AGGRESSIVE;
				CLANG_WARN_UNREACHABLE_CODE = YES;
				CLANG_WARN__DUPLICATE_METHOD_MATCH = YES;
				COPY_PHASE_STRIP = NO;
				DEBUG_INFORMATION_FORMAT = "dwarf-with-dsym";
				ENABLE_NS_ASSERTIONS = NO;
				ENABLE_STRICT_OBJC_MSGSEND = YES;
				ENABLE_USER_SCRIPT_SANDBOXING = YES;
				GCC_C_LANGUAGE_STANDARD = gnu17;
				GCC_NO_COMMON_BLOCKS = YES;
				GCC_WARN_64_TO_32_BIT_CONVERSION = YES;
				GCC_WARN_ABOUT_RETURN_TYPE = YES_ERROR;
				GCC_WARN_UNDECLARED_SELECTOR = YES;
				GCC_WARN_UNINITIALIZED_AUTOS = YES_AGGRESSIVE;
				GCC_WARN_UNUSED_FUNCTION = YES;
				GCC_WARN_UNUSED_VARIABLE = YES;
				IPHONEOS_DEPLOYMENT_TARGET = 17.2;
				LOCALIZATION_PREFERS_STRING_CATALOGS = YES;
				MTL_ENABLE_DEBUG_INFO = NO;
				MTL_FAST_MATH = YES;
				SDKROOT = iphoneos;
				SWIFT_COMPILATION_MODE = wholemodule;
				VALIDATE_PRODUCT = YES;
			};
			name = Release;
		};
		B89DF2292B954FB800EC9CEB /* Debug */ = {
			isa = XCBuildConfiguration;
			buildSettings = {
				ASSETCATALOG_COMPILER_APPICON_NAME = AppIcon;
				ASSETCATALOG_COMPILER_GLOBAL_ACCENT_COLOR_NAME = AccentColor;
				CODE_SIGN_STYLE = Automatic;
				CURRENT_PROJECT_VERSION = 1;
				DEVELOPMENT_ASSET_PATHS = "\"rocketgames/Preview Content\"";
				ENABLE_PREVIEWS = YES;
				GENERATE_INFOPLIST_FILE = YES;
				INFOPLIST_KEY_UIApplicationSceneManifest_Generation = YES;
				INFOPLIST_KEY_UIApplicationSupportsIndirectInputEvents = YES;
				INFOPLIST_KEY_UILaunchScreen_Generation = YES;
				INFOPLIST_KEY_UISupportedInterfaceOrientations_iPad = "UIInterfaceOrientationPortrait UIInterfaceOrientationPortraitUpsideDown UIInterfaceOrientationLandscapeLeft UIInterfaceOrientationLandscapeRight";
				INFOPLIST_KEY_UISupportedInterfaceOrientations_iPhone = "UIInterfaceOrientationPortrait UIInterfaceOrientationLandscapeLeft UIInterfaceOrientationLandscapeRight";
				LD_RUNPATH_SEARCH_PATHS = (
					"$(inherited)",
					"@executable_path/Frameworks",
				);
				MARKETING_VERSION = 1.0;
				PRODUCT_BUNDLE_IDENTIFIER = dev.bpark.rocketgames;
				PRODUCT_NAME = "$(TARGET_NAME)";
				SWIFT_EMIT_LOC_STRINGS = YES;
				SWIFT_VERSION = 5.0;
				TARGETED_DEVICE_FAMILY = "1,2";
			};
			name = Debug;
		};
		B89DF22A2B954FB800EC9CEB /* Release */ = {
			isa = XCBuildConfiguration;
			buildSettings = {
				ASSETCATALOG_COMPILER_APPICON_NAME = AppIcon;
				ASSETCATALOG_COMPILER_GLOBAL_ACCENT_COLOR_NAME = AccentColor;
				CODE_SIGN_STYLE = Automatic;
				CURRENT_PROJECT_VERSION = 1;
				DEVELOPMENT_ASSET_PATHS = "\"rocketgames/Preview Content\"";
				ENABLE_PREVIEWS = YES;
				GENERATE_INFOPLIST_FILE = YES;
				INFOPLIST_KEY_UIApplicationSceneManifest_Generation = YES;
				INFOPLIST_KEY_UIApplicationSupportsIndirectInputEvents = YES;
				INFOPLIST_KEY_UILaunchScreen_Generation = YES;
				INFOPLIST_KEY_UISupportedInterfaceOrientations_iPad = "UIInterfaceOrientationPortrait UIInterfaceOrientationPortraitUpsideDown UIInterfaceOrientationLandscapeLeft UIInterfaceOrientationLandscapeRight";
				INFOPLIST_KEY_UISupportedInterfaceOrientations_iPhone = "UIInterfaceOrientationPortrait UIInterfaceOrientationLandscapeLeft UIInterfaceOrientationLandscapeRight";
				LD_RUNPATH_SEARCH_PATHS = (
					"$(inherited)",
					"@executable_path/Frameworks",
				);
				MARKETING_VERSION = 1.0;
				PRODUCT_BUNDLE_IDENTIFIER = dev.bpark.rocketgames;
				PRODUCT_NAME = "$(TARGET_NAME)";
				SWIFT_EMIT_LOC_STRINGS = YES;
				SWIFT_VERSION = 5.0;
				TARGETED_DEVICE_FAMILY = "1,2";
			};
			name = Release;
		};
/* End XCBuildConfiguration section */

/* Begin XCConfigurationList section */
		B89DF2132B954FB500EC9CEB /* Build configuration list for PBXProject "rocketgames" */ = {
			isa = XCConfigurationList;
			buildConfigurations = (
				B89DF2262B954FB800EC9CEB /* Debug */,
				B89DF2272B954FB800EC9CEB /* Release */,
			);
			defaultConfigurationIsVisible = 0;
			defaultConfigurationName = Release;
		};
		B89DF2282B954FB800EC9CEB /* Build configuration list for PBXNativeTarget "rocketgames" */ = {
			isa = XCConfigurationList;
			buildConfigurations = (
				B89DF2292B954FB800EC9CEB /* Debug */,
				B89DF22A2B954FB800EC9CEB /* Release */,
			);
			defaultConfigurationIsVisible = 0;
			defaultConfigurationName = Release;
		};
/* End XCConfigurationList section */

/* Begin XCRemoteSwiftPackageReference section */
		B89DF2512BB1325300EC9CEB /* XCRemoteSwiftPackageReference "firebase-ios-sdk" */ = {
			isa = XCRemoteSwiftPackageReference;
			repositoryURL = "https://github.com/firebase/firebase-ios-sdk.git";
			requirement = {
				kind = upToNextMajorVersion;
				minimumVersion = 10.23.0;
			};
		};
/* End XCRemoteSwiftPackageReference section */

/* Begin XCSwiftPackageProductDependency section */
		B89DF2522BB1325300EC9CEB /* FirebaseAnalytics */ = {
			isa = XCSwiftPackageProductDependency;
			package = B89DF2512BB1325300EC9CEB /* XCRemoteSwiftPackageReference "firebase-ios-sdk" */;
			productName = FirebaseAnalytics;
		};
		B89DF2542BB1325300EC9CEB /* FirebaseAnalyticsOnDeviceConversion */ = {
			isa = XCSwiftPackageProductDependency;
			package = B89DF2512BB1325300EC9CEB /* XCRemoteSwiftPackageReference "firebase-ios-sdk" */;
			productName = FirebaseAnalyticsOnDeviceConversion;
		};
		B89DF2562BB1325300EC9CEB /* FirebaseAnalyticsSwift */ = {
			isa = XCSwiftPackageProductDependency;
			package = B89DF2512BB1325300EC9CEB /* XCRemoteSwiftPackageReference "firebase-ios-sdk" */;
			productName = FirebaseAnalyticsSwift;
		};
		B89DF2582BB1325300EC9CEB /* FirebaseAnalyticsWithoutAdIdSupport */ = {
			isa = XCSwiftPackageProductDependency;
			package = B89DF2512BB1325300EC9CEB /* XCRemoteSwiftPackageReference "firebase-ios-sdk" */;
			productName = FirebaseAnalyticsWithoutAdIdSupport;
		};
		B89DF25A2BB1325300EC9CEB /* FirebaseAppCheck */ = {
			isa = XCSwiftPackageProductDependency;
			package = B89DF2512BB1325300EC9CEB /* XCRemoteSwiftPackageReference "firebase-ios-sdk" */;
			productName = FirebaseAppCheck;
		};
		B89DF25C2BB1325300EC9CEB /* FirebaseAppDistribution-Beta */ = {
			isa = XCSwiftPackageProductDependency;
			package = B89DF2512BB1325300EC9CEB /* XCRemoteSwiftPackageReference "firebase-ios-sdk" */;
			productName = "FirebaseAppDistribution-Beta";
		};
		B89DF25E2BB1325300EC9CEB /* FirebaseAuth */ = {
			isa = XCSwiftPackageProductDependency;
			package = B89DF2512BB1325300EC9CEB /* XCRemoteSwiftPackageReference "firebase-ios-sdk" */;
			productName = FirebaseAuth;
		};
		B89DF2602BB1325300EC9CEB /* FirebaseAuthCombine-Community */ = {
			isa = XCSwiftPackageProductDependency;
			package = B89DF2512BB1325300EC9CEB /* XCRemoteSwiftPackageReference "firebase-ios-sdk" */;
			productName = "FirebaseAuthCombine-Community";
		};
		B89DF2622BB1325300EC9CEB /* FirebaseCrashlytics */ = {
			isa = XCSwiftPackageProductDependency;
			package = B89DF2512BB1325300EC9CEB /* XCRemoteSwiftPackageReference "firebase-ios-sdk" */;
			productName = FirebaseCrashlytics;
		};
		B8DBC6D02BC513410027E3C0 /* FirebaseAnalytics */ = {
			isa = XCSwiftPackageProductDependency;
			package = B89DF2512BB1325300EC9CEB /* XCRemoteSwiftPackageReference "firebase-ios-sdk" */;
			productName = FirebaseAnalytics;
		};
		B8DBC6D22BC513410027E3C0 /* FirebaseAnalyticsOnDeviceConversion */ = {
			isa = XCSwiftPackageProductDependency;
			package = B89DF2512BB1325300EC9CEB /* XCRemoteSwiftPackageReference "firebase-ios-sdk" */;
			productName = FirebaseAnalyticsOnDeviceConversion;
		};
		B8DBC6D42BC513410027E3C0 /* FirebaseAnalyticsSwift */ = {
			isa = XCSwiftPackageProductDependency;
			package = B89DF2512BB1325300EC9CEB /* XCRemoteSwiftPackageReference "firebase-ios-sdk" */;
			productName = FirebaseAnalyticsSwift;
		};
		B8DBC6D62BC513410027E3C0 /* FirebaseAnalyticsWithoutAdIdSupport */ = {
			isa = XCSwiftPackageProductDependency;
			package = B89DF2512BB1325300EC9CEB /* XCRemoteSwiftPackageReference "firebase-ios-sdk" */;
			productName = FirebaseAnalyticsWithoutAdIdSupport;
		};
		B8DBC6D82BC513410027E3C0 /* FirebaseAppCheck */ = {
			isa = XCSwiftPackageProductDependency;
			package = B89DF2512BB1325300EC9CEB /* XCRemoteSwiftPackageReference "firebase-ios-sdk" */;
			productName = FirebaseAppCheck;
		};
		B8DBC6DA2BC5135D0027E3C0 /* FirebaseAnalytics */ = {
			isa = XCSwiftPackageProductDependency;
			productName = FirebaseAnalytics;
		};
		B8DBC6DC2BC5135D0027E3C0 /* FirebaseAnalyticsOnDeviceConversion */ = {
			isa = XCSwiftPackageProductDependency;
			productName = FirebaseAnalyticsOnDeviceConversion;
		};
		B8DBC6DE2BC5135D0027E3C0 /* FirebaseAnalyticsSwift */ = {
			isa = XCSwiftPackageProductDependency;
			productName = FirebaseAnalyticsSwift;
		};
		B8DBC6E02BC5135D0027E3C0 /* FirebaseAnalyticsWithoutAdIdSupport */ = {
			isa = XCSwiftPackageProductDependency;
			productName = FirebaseAnalyticsWithoutAdIdSupport;
		};
		B8DBC6E22BC5135D0027E3C0 /* FirebaseAppCheck */ = {
			isa = XCSwiftPackageProductDependency;
			productName = FirebaseAppCheck;
		};
		B8DBC6E42BC5135D0027E3C0 /* FirebaseAppDistribution-Beta */ = {
			isa = XCSwiftPackageProductDependency;
			productName = "FirebaseAppDistribution-Beta";
		};
		B8DBC6E62BC5135D0027E3C0 /* FirebaseAuth */ = {
			isa = XCSwiftPackageProductDependency;
			productName = FirebaseAuth;
		};
		B8DBC6E82BC5135D0027E3C0 /* FirebaseAuthCombine-Community */ = {
			isa = XCSwiftPackageProductDependency;
			productName = "FirebaseAuthCombine-Community";
		};
		B8DBC6EA2BC5135D0027E3C0 /* FirebaseCrashlytics */ = {
			isa = XCSwiftPackageProductDependency;
			productName = FirebaseCrashlytics;
		};
		B8DBC6EC2BC5135D0027E3C0 /* FirebaseDatabase */ = {
			isa = XCSwiftPackageProductDependency;
			productName = FirebaseDatabase;
		};
		B8DBC6EE2BC5135D0027E3C0 /* FirebaseDatabaseSwift */ = {
			isa = XCSwiftPackageProductDependency;
			productName = FirebaseDatabaseSwift;
		};
		B8DBC6F02BC5135D0027E3C0 /* FirebaseDynamicLinks */ = {
			isa = XCSwiftPackageProductDependency;
			productName = FirebaseDynamicLinks;
		};
		B8DBC6F22BC5135D0027E3C0 /* FirebaseFirestore */ = {
			isa = XCSwiftPackageProductDependency;
			productName = FirebaseFirestore;
		};
		B8DBC6F42BC5135D0027E3C0 /* FirebaseFirestoreCombine-Community */ = {
			isa = XCSwiftPackageProductDependency;
			productName = "FirebaseFirestoreCombine-Community";
		};
		B8DBC6F62BC5135D0027E3C0 /* FirebaseFirestoreSwift */ = {
			isa = XCSwiftPackageProductDependency;
			productName = FirebaseFirestoreSwift;
		};
		B8DBC6F82BC5135D0027E3C0 /* FirebaseFunctions */ = {
			isa = XCSwiftPackageProductDependency;
			productName = FirebaseFunctions;
		};
		B8DBC6FA2BC5135D0027E3C0 /* FirebaseFunctionsCombine-Community */ = {
			isa = XCSwiftPackageProductDependency;
			productName = "FirebaseFunctionsCombine-Community";
		};
		B8DBC6FC2BC5135D0027E3C0 /* FirebaseInAppMessaging-Beta */ = {
			isa = XCSwiftPackageProductDependency;
			productName = "FirebaseInAppMessaging-Beta";
		};
/* End XCSwiftPackageProductDependency section */
	};
	rootObject = B89DF2102B954FB500EC9CEB /* Project object */;
}
